# This file was autogenerated by uv via the following command:
#    uv pip compile requirements.txt -o requirements.lock
astra-plugin-sdk==0.6.1
    # via -r requirements.txt
certifi==2026.7.22
    # via requests
charset-normalizer==3.5.1
    # via requests
grpcio==1.83.1
    # via
    #   -r requirements.txt
    #   astra-plugin-sdk
    #   grpcio-tools
grpcio-tools==1.83.1
    # via
    #   -r requirements.txt
    #   astra-plugin-sdk
idna==3.20
    # via requests
pillow==12.3.0
    # via -r requirements.txt
protobuf==7.36.1
    # via
    #   -r requirements.txt
    #   astra-plugin-sdk
    #   grpcio-tools
requests==2.34.2
    # via -r requirements.txt
setuptools==84.0.0
    # via grpcio-tools
typing-extensions==4.16.0
    # via grpcio
urllib3==2.8.0
    # via requests
